
Microsoft Visual Studio Solution File, Format Version 12.00
# Visual Studio Version 16
VisualStudioVersion = 16.0.31424.327
MinimumVisualStudioVersion = 10.0.40219.1
Project("{9A19103F-16F7-4668-BE54-9A1E7A4F7556}") = "GameOfLife", "src\GameOfLife\GameOfLife.csproj", "{997D07BB-8A15-4870-9DBA-90970EE60A10}"
EndProject
Project("{9A19103F-16F7-4668-BE54-9A1E7A4F7556}") = "GameOfLifeConsole", "src\GameOfLifeConsole\GameOfLifeConsole.csproj", "{E4009E6A-5795-41A0-AF8E-D0948308318A}"
EndProject
Project("{9A19103F-16F7-4668-BE54-9A1E7A4F7556}") = "GameOfLifeDesktop", "src\GameOfLifeDesktop\GameOfLifeDesktop.csproj", "{F894B0C4-D262-4CE9-A2CA-A262CE7B4AAB}"
EndProject
Project("{9A19103F-16F7-4668-BE54-9A1E7A4F7556}") = "GameOfLifeMobile", "src\GameOfLifeMobile\GameOfLifeMobile\GameOfLifeMobile.csproj", "{BDFAC877-4F62-4173-8E93-D21199083662}"
EndProject
Project("{FAE04EC0-301F-11D3-BF4B-00C04F79EFBC}") = "GameOfLifeMobile.Android", "src\GameOfLifeMobile\GameOfLifeMobile.Android\GameOfLifeMobile.Android.csproj", "{8A49C159-B0C0-421E-833E-09FE177D2C31}"
EndProject
Global
	GlobalSection(SolutionConfigurationPlatforms) = preSolution
		Debug|Any CPU = Debug|Any CPU
		Debug|ARM = Debug|ARM
		Debug|x64 = Debug|x64
		Debug|x86 = Debug|x86
		Release|Any CPU = Release|Any CPU
		Release|ARM = Release|ARM
		Release|x64 = Release|x64
		Release|x86 = Release|x86
	EndGlobalSection
	GlobalSection(ProjectConfigurationPlatforms) = postSolution
		{F894B0C4-D262-4CE9-A2CA-A262CE7B4AAB}.Debug|Any CPU.ActiveCfg = Debug|Any CPU
		{F894B0C4-D262-4CE9-A2CA-A262CE7B4AAB}.Debug|Any CPU.Build.0 = Debug|Any CPU
		{F894B0C4-D262-4CE9-A2CA-A262CE7B4AAB}.Debug|ARM.ActiveCfg = Debug|Any CPU
		{F894B0C4-D262-4CE9-A2CA-A262CE7B4AAB}.Debug|ARM.Build.0 = Debug|Any CPU
		{F894B0C4-D262-4CE9-A2CA-A262CE7B4AAB}.Debug|x64.ActiveCfg = Debug|Any CPU
		{F894B0C4-D262-4CE9-A2CA-A262CE7B4AAB}.Debug|x64.Build.0 = Debug|Any CPU
		{F894B0C4-D262-4CE9-A2CA-A262CE7B4AAB}.Debug|x86.ActiveCfg = Debug|Any CPU
		{F894B0C4-D262-4CE9-A2CA-A262CE7B4AAB}.Debug|x86.Build.0 = Debug|Any CPU
		{F894B0C4-D262-4CE9-A2CA-A262CE7B4AAB}.Release|Any CPU.ActiveCfg = Release|Any CPU
		{F894B0C4-D262-4CE9-A2CA-A262CE7B4AAB}.Release|Any CPU.Build.0 = Release|Any CPU
		{F894B0C4-D262-4CE9-A2CA-A262CE7B4AAB}.Release|ARM.ActiveCfg = Release|Any CPU
		{F894B0C4-D262-4CE9-A2CA-A262CE7B4AAB}.Release|ARM.Build.0 = Release|Any CPU
		{F894B0C4-D262-4CE9-A2CA-A262CE7B4AAB}.Release|x64.ActiveCfg = Release|Any CPU
		{F894B0C4-D262-4CE9-A2CA-A262CE7B4AAB}.Release|x64.Build.0 = Release|Any CPU
		{F894B0C4-D262-4CE9-A2CA-A262CE7B4AAB}.Release|x86.ActiveCfg = Release|Any CPU
		{F894B0C4-D262-4CE9-A2CA-A262CE7B4AAB}.Release|x86.Build.0 = Release|Any CPU
		{997D07BB-8A15-4870-9DBA-90970EE60A10}.Debug|Any CPU.ActiveCfg = Debug|Any CPU
		{997D07BB-8A15-4870-9DBA-90970EE60A10}.Debug|Any CPU.Build.0 = Debug|Any CPU
		{997D07BB-8A15-4870-9DBA-90970EE60A10}.Debug|ARM.ActiveCfg = Debug|Any CPU
		{997D07BB-8A15-4870-9DBA-90970EE60A10}.Debug|ARM.Build.0 = Debug|Any CPU
		{997D07BB-8A15-4870-9DBA-90970EE60A10}.Debug|x64.ActiveCfg = Debug|Any CPU
		{997D07BB-8A15-4870-9DBA-90970EE60A10}.Debug|x64.Build.0 = Debug|Any CPU
		{997D07BB-8A15-4870-9DBA-90970EE60A10}.Debug|x86.ActiveCfg = Debug|Any CPU
		{997D07BB-8A15-4870-9DBA-90970EE60A10}.Debug|x86.Build.0 = Debug|Any CPU
		{997D07BB-8A15-4870-9DBA-90970EE60A10}.Release|Any CPU.ActiveCfg = Release|Any CPU
		{997D07BB-8A15-4870-9DBA-90970EE60A10}.Release|Any CPU.Build.0 = Release|Any CPU
		{997D07BB-8A15-4870-9DBA-90970EE60A10}.Release|ARM.ActiveCfg = Release|Any CPU
		{997D07BB-8A15-4870-9DBA-90970EE60A10}.Release|ARM.Build.0 = Release|Any CPU
		{997D07BB-8A15-4870-9DBA-90970EE60A10}.Release|x64.ActiveCfg = Release|Any CPU
		{997D07BB-8A15-4870-9DBA-90970EE60A10}.Release|x64.Build.0 = Release|Any CPU
		{997D07BB-8A15-4870-9DBA-90970EE60A10}.Release|x86.ActiveCfg = Release|Any CPU
		{997D07BB-8A15-4870-9DBA-90970EE60A10}.Release|x86.Build.0 = Release|Any CPU
		{E4009E6A-5795-41A0-AF8E-D0948308318A}.Debug|Any CPU.ActiveCfg = Debug|Any CPU
		{E4009E6A-5795-41A0-AF8E-D0948308318A}.Debug|Any CPU.Build.0 = Debug|Any CPU
		{E4009E6A-5795-41A0-AF8E-D0948308318A}.Debug|ARM.ActiveCfg = Debug|Any CPU
		{E4009E6A-5795-41A0-AF8E-D0948308318A}.Debug|ARM.Build.0 = Debug|Any CPU
		{E4009E6A-5795-41A0-AF8E-D0948308318A}.Debug|x64.ActiveCfg = Debug|Any CPU
		{E4009E6A-5795-41A0-AF8E-D0948308318A}.Debug|x64.Build.0 = Debug|Any CPU
		{E4009E6A-5795-41A0-AF8E-D0948308318A}.Debug|x86.ActiveCfg = Debug|Any CPU
		{E4009E6A-5795-41A0-AF8E-D0948308318A}.Debug|x86.Build.0 = Debug|Any CPU
		{E4009E6A-5795-41A0-AF8E-D0948308318A}.Release|Any CPU.ActiveCfg = Release|Any CPU
		{E4009E6A-5795-41A0-AF8E-D0948308318A}.Release|Any CPU.Build.0 = Release|Any CPU
		{E4009E6A-5795-41A0-AF8E-D0948308318A}.Release|ARM.ActiveCfg = Release|Any CPU
		{E4009E6A-5795-41A0-AF8E-D0948308318A}.Release|ARM.Build.0 = Release|Any CPU
		{E4009E6A-5795-41A0-AF8E-D0948308318A}.Release|x64.ActiveCfg = Release|Any CPU
		{E4009E6A-5795-41A0-AF8E-D0948308318A}.Release|x64.Build.0 = Release|Any CPU
		{E4009E6A-5795-41A0-AF8E-D0948308318A}.Release|x86.ActiveCfg = Release|Any CPU
		{E4009E6A-5795-41A0-AF8E-D0948308318A}.Release|x86.Build.0 = Release|Any CPU
		{8A49C159-B0C0-421E-833E-09FE177D2C31}.Debug|Any CPU.ActiveCfg = Debug|Any CPU
		{8A49C159-B0C0-421E-833E-09FE177D2C31}.Debug|Any CPU.Build.0 = Debug|Any CPU
		{8A49C159-B0C0-421E-833E-09FE177D2C31}.Debug|Any CPU.Deploy.0 = Debug|Any CPU
		{8A49C159-B0C0-421E-833E-09FE177D2C31}.Debug|ARM.ActiveCfg = Debug|Any CPU
		{8A49C159-B0C0-421E-833E-09FE177D2C31}.Debug|ARM.Build.0 = Debug|Any CPU
		{8A49C159-B0C0-421E-833E-09FE177D2C31}.Debug|ARM.Deploy.0 = Debug|Any CPU
		{8A49C159-B0C0-421E-833E-09FE177D2C31}.Debug|x64.ActiveCfg = Debug|Any CPU
		{8A49C159-B0C0-421E-833E-09FE177D2C31}.Debug|x64.Build.0 = Debug|Any CPU
		{8A49C159-B0C0-421E-833E-09FE177D2C31}.Debug|x64.Deploy.0 = Debug|Any CPU
		{8A49C159-B0C0-421E-833E-09FE177D2C31}.Debug|x86.ActiveCfg = Debug|Any CPU
		{8A49C159-B0C0-421E-833E-09FE177D2C31}.Debug|x86.Build.0 = Debug|Any CPU
		{8A49C159-B0C0-421E-833E-09FE177D2C31}.Debug|x86.Deploy.0 = Debug|Any CPU
		{8A49C159-B0C0-421E-833E-09FE177D2C31}.Release|Any CPU.ActiveCfg = Release|Any CPU
		{8A49C159-B0C0-421E-833E-09FE177D2C31}.Release|Any CPU.Build.0 = Release|Any CPU
		{8A49C159-B0C0-421E-833E-09FE177D2C31}.Release|Any CPU.Deploy.0 = Release|Any CPU
		{8A49C159-B0C0-421E-833E-09FE177D2C31}.Release|ARM.ActiveCfg = Release|Any CPU
		{8A49C159-B0C0-421E-833E-09FE177D2C31}.Release|ARM.Build.0 = Release|Any CPU
		{8A49C159-B0C0-421E-833E-09FE177D2C31}.Release|ARM.Deploy.0 = Release|Any CPU
		{8A49C159-B0C0-421E-833E-09FE177D2C31}.Release|x64.ActiveCfg = Release|Any CPU
		{8A49C159-B0C0-421E-833E-09FE177D2C31}.Release|x64.Build.0 = Release|Any CPU
		{8A49C159-B0C0-421E-833E-09FE177D2C31}.Release|x64.Deploy.0 = Release|Any CPU
		{8A49C159-B0C0-421E-833E-09FE177D2C31}.Release|x86.ActiveCfg = Release|Any CPU
		{8A49C159-B0C0-421E-833E-09FE177D2C31}.Release|x86.Build.0 = Release|Any CPU
		{8A49C159-B0C0-421E-833E-09FE177D2C31}.Release|x86.Deploy.0 = Release|Any CPU
		{BDFAC877-4F62-4173-8E93-D21199083662}.Debug|Any CPU.ActiveCfg = Debug|Any CPU
		{BDFAC877-4F62-4173-8E93-D21199083662}.Debug|Any CPU.Build.0 = Debug|Any CPU
		{BDFAC877-4F62-4173-8E93-D21199083662}.Debug|ARM.ActiveCfg = Debug|Any CPU
		{BDFAC877-4F62-4173-8E93-D21199083662}.Debug|ARM.Build.0 = Debug|Any CPU
		{BDFAC877-4F62-4173-8E93-D21199083662}.Debug|x64.ActiveCfg = Debug|Any CPU
		{BDFAC877-4F62-4173-8E93-D21199083662}.Debug|x64.Build.0 = Debug|Any CPU
		{BDFAC877-4F62-4173-8E93-D21199083662}.Debug|x86.ActiveCfg = Debug|Any CPU
		{BDFAC877-4F62-4173-8E93-D21199083662}.Debug|x86.Build.0 = Debug|Any CPU
		{BDFAC877-4F62-4173-8E93-D21199083662}.Release|Any CPU.ActiveCfg = Release|Any CPU
		{BDFAC877-4F62-4173-8E93-D21199083662}.Release|Any CPU.Build.0 = Release|Any CPU
		{BDFAC877-4F62-4173-8E93-D21199083662}.Release|ARM.ActiveCfg = Release|Any CPU
		{BDFAC877-4F62-4173-8E93-D21199083662}.Release|ARM.Build.0 = Release|Any CPU
		{BDFAC877-4F62-4173-8E93-D21199083662}.Release|x64.ActiveCfg = Release|Any CPU
		{BDFAC877-4F62-4173-8E93-D21199083662}.Release|x64.Build.0 = Release|Any CPU
		{BDFAC877-4F62-4173-8E93-D21199083662}.Release|x86.ActiveCfg = Release|Any CPU
		{BDFAC877-4F62-4173-8E93-D21199083662}.Release|x86.Build.0 = Release|Any CPU
	EndGlobalSection
	GlobalSection(SolutionProperties) = preSolution
		HideSolutionNode = FALSE
	EndGlobalSection
	GlobalSection(ExtensibilityGlobals) = postSolution
		SolutionGuid = {FF48C5EF-7133-49FD-B33F-AB184479BCA4}
	EndGlobalSection
EndGlobal
